{
  "name": "zero-gravity",
  "version": "0.0.1",
  "lockfileVersion": 3,
  "requires": true,
  "packages": {
    "": {
      "name": "zero-gravity",
      "version": "0.0.1",
      "workspaces": [
        "apps/*",
        "packages/*"
      ],
      "devDependencies": {
        "typescript": "^5.4.0"
      },
      "engines": {
        "node": ">=18.0.0"
      }
    },
    "apps/oracle": {
      "name": "@zero-gravity/oracle",
      "version": "0.0.1",
      "devDependencies": {}
    },
    "apps/web": {
      "name": "@zero-gravity/web",
      "version": "0.0.1",
      "devDependencies": {}
    },
    "node_modules/@zero-gravity/contracts-bch": {
      "resolved": "packages/contracts-bch",
      "link": true
    },
    "node_modules/@zero-gravity/oracle": {
      "resolved": "apps/oracle",
      "link": true
    },
    "node_modules/@zero-gravity/shared": {
      "resolved": "packages/shared",
      "link": true
    },
    "node_modules/@zero-gravity/web": {
      "resolved": "apps/web",
      "link": true
    },
    "node_modules/typescript": {
      "version": "5.9.3",
      "resolved": "https://registry.npmjs.org/typescript/-/typescript-5.9.3.tgz",
      "integrity": "sha512-jl1vZzPDinLr9eUt3J/t7V6FgNEw9QjvBPdysz9KfQDD41fQrC2Y4vKQdiaUpFT4bXlb1RHhLpp8wtm6M5TgSw==",
      "dev": true,
      "license": "Apache-2.0",
      "bin": {
        "tsc": "bin/tsc",
        "tsserver": "bin/tsserver"
      },
      "engines": {
        "node": ">=14.17"
      }
    },
    "packages/contracts-bch": {
      "name": "@zero-gravity/contracts-bch",
      "version": "0.0.1",
      "devDependencies": {}
    },
    "packages/shared": {
      "name": "@zero-gravity/shared",
      "version": "0.0.1",
      "devDependencies": {}
    }
  }
}
